{
  "name": "npm-workspace-nomorepo-prisma",
  "version": "1.0.0",
  "lockfileVersion": 3,
  "requires": true,
  "packages": {
    "": {
      "name": "npm-workspace-nomorepo-prisma",
      "version": "1.0.0",
      "license": "ISC",
      "workspaces": [
        "packages/database"
      ]
    },
    "node_modules/database": {
      "resolved": "packages/database",
      "link": true
    },
    "packages/database": {
      "version": "1.0.0",
      "license": "ISC"
    }
  }
}
